
Microsoft Visual Studio Solution File, Format Version 12.00
# Visual Studio Version 16
VisualStudioVersion = 16.0.31515.178
MinimumVisualStudioVersion = 10.0.40219.1
Project("{FAE04EC0-301F-11D3-BF4B-00C04F79EFBC}") = "TechnologyShop.WebApp", "TechnologyShop.WebApp\TechnologyShop.WebApp.csproj", "{F671A252-5EFE-40E9-983A-EA6E5CB143CE}"
EndProject
Project("{FAE04EC0-301F-11D3-BF4B-00C04F79EFBC}") = "TechnologyShop.Data", "TechnologyShop.Data\TechnologyShop.Data.csproj", "{FF87A3AD-FB45-4D7D-83D9-6CCF4B3F5A68}"
EndProject
Project("{FAE04EC0-301F-11D3-BF4B-00C04F79EFBC}") = "TechnologyShop.Service", "TechnologyShop.Service\TechnologyShop.Service.csproj", "{6D062892-0396-418D-A2F0-93D74FC899A0}"
EndProject
Global
	GlobalSection(SolutionConfigurationPlatforms) = preSolution
		Debug|Any CPU = Debug|Any CPU
		Release|Any CPU = Release|Any CPU
	EndGlobalSection
	GlobalSection(ProjectConfigurationPlatforms) = postSolution
		{F671A252-5EFE-40E9-983A-EA6E5CB143CE}.Debug|Any CPU.ActiveCfg = Debug|Any CPU
		{F671A252-5EFE-40E9-983A-EA6E5CB143CE}.Debug|Any CPU.Build.0 = Debug|Any CPU
		{F671A252-5EFE-40E9-983A-EA6E5CB143CE}.Release|Any CPU.ActiveCfg = Release|Any CPU
		{F671A252-5EFE-40E9-983A-EA6E5CB143CE}.Release|Any CPU.Build.0 = Release|Any CPU
		{FF87A3AD-FB45-4D7D-83D9-6CCF4B3F5A68}.Debug|Any CPU.ActiveCfg = Debug|Any CPU
		{FF87A3AD-FB45-4D7D-83D9-6CCF4B3F5A68}.Debug|Any CPU.Build.0 = Debug|Any CPU
		{FF87A3AD-FB45-4D7D-83D9-6CCF4B3F5A68}.Release|Any CPU.ActiveCfg = Release|Any CPU
		{FF87A3AD-FB45-4D7D-83D9-6CCF4B3F5A68}.Release|Any CPU.Build.0 = Release|Any CPU
		{6D062892-0396-418D-A2F0-93D74FC899A0}.Debug|Any CPU.ActiveCfg = Debug|Any CPU
		{6D062892-0396-418D-A2F0-93D74FC899A0}.Debug|Any CPU.Build.0 = Debug|Any CPU
		{6D062892-0396-418D-A2F0-93D74FC899A0}.Release|Any CPU.ActiveCfg = Release|Any CPU
		{6D062892-0396-418D-A2F0-93D74FC899A0}.Release|Any CPU.Build.0 = Release|Any CPU
	EndGlobalSection
	GlobalSection(SolutionProperties) = preSolution
		HideSolutionNode = FALSE
	EndGlobalSection
	GlobalSection(ExtensibilityGlobals) = postSolution
		SolutionGuid = {7CE696DB-F4EB-4F79-8761-A8F70E099DC3}
	EndGlobalSection
EndGlobal
